
Microsoft Visual Studio Solution File, Format Version 12.00
# Visual Studio 2013
VisualStudioVersion = 12.0.31101.0
MinimumVisualStudioVersion = 10.0.40219.1
Project("{FAE04EC0-301F-11D3-BF4B-00C04F79EFBC}") = "JewishCalendar", "JewishCalendar\JewishCalendar.csproj", "{43E5C945-9D11-4097-9990-1D2AFC9E16D3}"
EndProject
Project("{FAE04EC0-301F-11D3-BF4B-00C04F79EFBC}") = "Luach", "Luach\Luach.csproj", "{FE9028DD-74C4-45D0-BAD5-7CD0963B8C23}"
EndProject
Project("{FAE04EC0-301F-11D3-BF4B-00C04F79EFBC}") = "JewishDatePicker", "JewishDatePicker\JewishDatePicker.csproj", "{8076DABE-3604-4D94-A883-2DF9105FE54C}"
EndProject
Global
	GlobalSection(SolutionConfigurationPlatforms) = preSolution
		Debug|Any CPU = Debug|Any CPU
		Release|Any CPU = Release|Any CPU
	EndGlobalSection
	GlobalSection(ProjectConfigurationPlatforms) = postSolution
		{43E5C945-9D11-4097-9990-1D2AFC9E16D3}.Debug|Any CPU.ActiveCfg = Debug|Any CPU
		{43E5C945-9D11-4097-9990-1D2AFC9E16D3}.Debug|Any CPU.Build.0 = Debug|Any CPU
		{43E5C945-9D11-4097-9990-1D2AFC9E16D3}.Release|Any CPU.ActiveCfg = Release|Any CPU
		{43E5C945-9D11-4097-9990-1D2AFC9E16D3}.Release|Any CPU.Build.0 = Release|Any CPU
		{FE9028DD-74C4-45D0-BAD5-7CD0963B8C23}.Debug|Any CPU.ActiveCfg = Debug|Any CPU
		{FE9028DD-74C4-45D0-BAD5-7CD0963B8C23}.Debug|Any CPU.Build.0 = Debug|Any CPU
		{FE9028DD-74C4-45D0-BAD5-7CD0963B8C23}.Release|Any CPU.ActiveCfg = Release|Any CPU
		{FE9028DD-74C4-45D0-BAD5-7CD0963B8C23}.Release|Any CPU.Build.0 = Release|Any CPU
		{8076DABE-3604-4D94-A883-2DF9105FE54C}.Debug|Any CPU.ActiveCfg = Debug|Any CPU
		{8076DABE-3604-4D94-A883-2DF9105FE54C}.Debug|Any CPU.Build.0 = Debug|Any CPU
		{8076DABE-3604-4D94-A883-2DF9105FE54C}.Release|Any CPU.ActiveCfg = Release|Any CPU
		{8076DABE-3604-4D94-A883-2DF9105FE54C}.Release|Any CPU.Build.0 = Release|Any CPU
	EndGlobalSection
	GlobalSection(SolutionProperties) = preSolution
		HideSolutionNode = FALSE
	EndGlobalSection
EndGlobal
