
Microsoft Visual Studio Solution File, Format Version 12.00
# Visual Studio 2013
VisualStudioVersion = 12.0.31101.0
MinimumVisualStudioVersion = 10.0.40219.1
Project("{FAE04EC0-301F-11D3-BF4B-00C04F79EFBC}") = "LuachProject", "LuachProject\LuachProject.csproj", "{F603DE04-489B-4CE4-B949-8BA8BB5DFA6B}"
EndProject
Project("{FAE04EC0-301F-11D3-BF4B-00C04F79EFBC}") = "JewishCalendar", "..\JewishCalendar\JewishCalendar.csproj", "{43E5C945-9D11-4097-9990-1D2AFC9E16D3}"
EndProject
Project("{FAE04EC0-301F-11D3-BF4B-00C04F79EFBC}") = "JewishDatePicker", "..\JewishDatePicker\JewishDatePicker.csproj", "{8076DABE-3604-4D94-A883-2DF9105FE54C}"
EndProject
Project("{F184B08F-C81C-45F6-A57F-5ABD9991F28F}") = "OmerReminders", "OmerReminders\OmerReminders.vbproj", "{C64D9352-8941-4BD3-AD32-1A9FCE522810}"
EndProject
Project("{54435603-DBB4-11D2-8724-00A0C9A8B90C}") = "SetupLuachProject", "SetupLuachProject\SetupLuachProject.vdproj", "{8B93C329-6D2F-4C41-8B36-8B4245B5ADA8}"
EndProject
Global
	GlobalSection(SolutionConfigurationPlatforms) = preSolution
		64|Any CPU = 64|Any CPU
		64|x64 = 64|x64
		Debug|Any CPU = Debug|Any CPU
		Debug|x64 = Debug|x64
		Release|Any CPU = Release|Any CPU
		Release|x64 = Release|x64
		x64|Any CPU = x64|Any CPU
		x64|x64 = x64|x64
	EndGlobalSection
	GlobalSection(ProjectConfigurationPlatforms) = postSolution
		{F603DE04-489B-4CE4-B949-8BA8BB5DFA6B}.64|Any CPU.ActiveCfg = Release|Any CPU
		{F603DE04-489B-4CE4-B949-8BA8BB5DFA6B}.64|Any CPU.Build.0 = Release|Any CPU
		{F603DE04-489B-4CE4-B949-8BA8BB5DFA6B}.64|x64.ActiveCfg = Release|Any CPU
		{F603DE04-489B-4CE4-B949-8BA8BB5DFA6B}.Debug|Any CPU.ActiveCfg = Debug|Any CPU
		{F603DE04-489B-4CE4-B949-8BA8BB5DFA6B}.Debug|Any CPU.Build.0 = Debug|Any CPU
		{F603DE04-489B-4CE4-B949-8BA8BB5DFA6B}.Debug|x64.ActiveCfg = Debug|Any CPU
		{F603DE04-489B-4CE4-B949-8BA8BB5DFA6B}.Release|Any CPU.ActiveCfg = Release|Any CPU
		{F603DE04-489B-4CE4-B949-8BA8BB5DFA6B}.Release|Any CPU.Build.0 = Release|Any CPU
		{F603DE04-489B-4CE4-B949-8BA8BB5DFA6B}.Release|x64.ActiveCfg = Release|Any CPU
		{F603DE04-489B-4CE4-B949-8BA8BB5DFA6B}.x64|Any CPU.ActiveCfg = Release|Any CPU
		{F603DE04-489B-4CE4-B949-8BA8BB5DFA6B}.x64|Any CPU.Build.0 = Release|Any CPU
		{F603DE04-489B-4CE4-B949-8BA8BB5DFA6B}.x64|x64.ActiveCfg = Release|Any CPU
		{43E5C945-9D11-4097-9990-1D2AFC9E16D3}.64|Any CPU.ActiveCfg = Release|Any CPU
		{43E5C945-9D11-4097-9990-1D2AFC9E16D3}.64|Any CPU.Build.0 = Release|Any CPU
		{43E5C945-9D11-4097-9990-1D2AFC9E16D3}.64|x64.ActiveCfg = Release|Any CPU
		{43E5C945-9D11-4097-9990-1D2AFC9E16D3}.Debug|Any CPU.ActiveCfg = Debug|Any CPU
		{43E5C945-9D11-4097-9990-1D2AFC9E16D3}.Debug|Any CPU.Build.0 = Debug|Any CPU
		{43E5C945-9D11-4097-9990-1D2AFC9E16D3}.Debug|x64.ActiveCfg = Debug|Any CPU
		{43E5C945-9D11-4097-9990-1D2AFC9E16D3}.Release|Any CPU.ActiveCfg = Release|Any CPU
		{43E5C945-9D11-4097-9990-1D2AFC9E16D3}.Release|Any CPU.Build.0 = Release|Any CPU
		{43E5C945-9D11-4097-9990-1D2AFC9E16D3}.Release|x64.ActiveCfg = Release|Any CPU
		{43E5C945-9D11-4097-9990-1D2AFC9E16D3}.x64|Any CPU.ActiveCfg = Release|Any CPU
		{43E5C945-9D11-4097-9990-1D2AFC9E16D3}.x64|Any CPU.Build.0 = Release|Any CPU
		{43E5C945-9D11-4097-9990-1D2AFC9E16D3}.x64|x64.ActiveCfg = Release|Any CPU
		{8076DABE-3604-4D94-A883-2DF9105FE54C}.64|Any CPU.ActiveCfg = Release|Any CPU
		{8076DABE-3604-4D94-A883-2DF9105FE54C}.64|Any CPU.Build.0 = Release|Any CPU
		{8076DABE-3604-4D94-A883-2DF9105FE54C}.64|x64.ActiveCfg = Release|Any CPU
		{8076DABE-3604-4D94-A883-2DF9105FE54C}.Debug|Any CPU.ActiveCfg = Debug|Any CPU
		{8076DABE-3604-4D94-A883-2DF9105FE54C}.Debug|Any CPU.Build.0 = Debug|Any CPU
		{8076DABE-3604-4D94-A883-2DF9105FE54C}.Debug|x64.ActiveCfg = Debug|Any CPU
		{8076DABE-3604-4D94-A883-2DF9105FE54C}.Release|Any CPU.ActiveCfg = Release|Any CPU
		{8076DABE-3604-4D94-A883-2DF9105FE54C}.Release|Any CPU.Build.0 = Release|Any CPU
		{8076DABE-3604-4D94-A883-2DF9105FE54C}.Release|x64.ActiveCfg = Release|Any CPU
		{8076DABE-3604-4D94-A883-2DF9105FE54C}.x64|Any CPU.ActiveCfg = Release|Any CPU
		{8076DABE-3604-4D94-A883-2DF9105FE54C}.x64|Any CPU.Build.0 = Release|Any CPU
		{8076DABE-3604-4D94-A883-2DF9105FE54C}.x64|x64.ActiveCfg = Release|Any CPU
		{C64D9352-8941-4BD3-AD32-1A9FCE522810}.64|Any CPU.ActiveCfg = 64|Any CPU
		{C64D9352-8941-4BD3-AD32-1A9FCE522810}.64|Any CPU.Build.0 = 64|Any CPU
		{C64D9352-8941-4BD3-AD32-1A9FCE522810}.64|x64.ActiveCfg = 64|x64
		{C64D9352-8941-4BD3-AD32-1A9FCE522810}.64|x64.Build.0 = 64|x64
		{C64D9352-8941-4BD3-AD32-1A9FCE522810}.Debug|Any CPU.ActiveCfg = Debug|Any CPU
		{C64D9352-8941-4BD3-AD32-1A9FCE522810}.Debug|Any CPU.Build.0 = Debug|Any CPU
		{C64D9352-8941-4BD3-AD32-1A9FCE522810}.Debug|x64.ActiveCfg = Debug|x64
		{C64D9352-8941-4BD3-AD32-1A9FCE522810}.Debug|x64.Build.0 = Debug|x64
		{C64D9352-8941-4BD3-AD32-1A9FCE522810}.Release|Any CPU.ActiveCfg = Release|Any CPU
		{C64D9352-8941-4BD3-AD32-1A9FCE522810}.Release|Any CPU.Build.0 = Release|Any CPU
		{C64D9352-8941-4BD3-AD32-1A9FCE522810}.Release|x64.ActiveCfg = Release|x64
		{C64D9352-8941-4BD3-AD32-1A9FCE522810}.Release|x64.Build.0 = Release|x64
		{C64D9352-8941-4BD3-AD32-1A9FCE522810}.x64|Any CPU.ActiveCfg = x64|Any CPU
		{C64D9352-8941-4BD3-AD32-1A9FCE522810}.x64|Any CPU.Build.0 = x64|Any CPU
		{C64D9352-8941-4BD3-AD32-1A9FCE522810}.x64|x64.ActiveCfg = x64|x64
		{C64D9352-8941-4BD3-AD32-1A9FCE522810}.x64|x64.Build.0 = x64|x64
		{8B93C329-6D2F-4C41-8B36-8B4245B5ADA8}.64|Any CPU.ActiveCfg = Release
		{8B93C329-6D2F-4C41-8B36-8B4245B5ADA8}.64|x64.ActiveCfg = Release
		{8B93C329-6D2F-4C41-8B36-8B4245B5ADA8}.Debug|Any CPU.ActiveCfg = Debug
		{8B93C329-6D2F-4C41-8B36-8B4245B5ADA8}.Debug|x64.ActiveCfg = Debug
		{8B93C329-6D2F-4C41-8B36-8B4245B5ADA8}.Release|Any CPU.ActiveCfg = Release
		{8B93C329-6D2F-4C41-8B36-8B4245B5ADA8}.Release|x64.ActiveCfg = Release
		{8B93C329-6D2F-4C41-8B36-8B4245B5ADA8}.x64|Any CPU.ActiveCfg = Release
		{8B93C329-6D2F-4C41-8B36-8B4245B5ADA8}.x64|x64.ActiveCfg = Release
	EndGlobalSection
	GlobalSection(SolutionProperties) = preSolution
		HideSolutionNode = FALSE
	EndGlobalSection
EndGlobal
